
Microsoft Visual Studio Solution File, Format Version 12.00
# Visual Studio Version 16
VisualStudioVersion = 16.0.30711.63
MinimumVisualStudioVersion = 10.0.40219.1
Project("{888888A0-9F3D-457C-B088-3A5042F75D52}") = "figure_classify", "figure_classify\figure_classify.pyproj", "{A3E7DCCF-86BD-44E3-94E6-B0151AD9E6E6}"
EndProject
Global
	GlobalSection(SolutionConfigurationPlatforms) = preSolution
		Debug|Any CPU = Debug|Any CPU
		Release|Any CPU = Release|Any CPU
	EndGlobalSection
	GlobalSection(ProjectConfigurationPlatforms) = postSolution
		{A3E7DCCF-86BD-44E3-94E6-B0151AD9E6E6}.Debug|Any CPU.ActiveCfg = Debug|Any CPU
		{A3E7DCCF-86BD-44E3-94E6-B0151AD9E6E6}.Release|Any CPU.ActiveCfg = Release|Any CPU
	EndGlobalSection
	GlobalSection(SolutionProperties) = preSolution
		HideSolutionNode = FALSE
	EndGlobalSection
	GlobalSection(ExtensibilityGlobals) = postSolution
		SolutionGuid = {26508678-0604-4D3C-AB2E-A7534D5E9105}
	EndGlobalSection
EndGlobal
